// !$*UTF8*$!
{
	archiveVersion = 1;
	classes = {
	};
	objectVersion = 46;
	objects = {

/* Begin PBXBuildFile section */
		E22231B31C24BB9000535E38 /* MemesDataSourceModel.swift in Sources */ = {isa = PBXBuildFile; fileRef = E22231B21C24BB9000535E38 /* MemesDataSourceModel.swift */; };
		E22231B51C24BFDB00535E38 /* CustomPhotoAlbum.swift in Sources */ = {isa = PBXBuildFile; fileRef = E22231B41C24BFDB00535E38 /* CustomPhotoAlbum.swift */; };
		E22231B71C3636DE00535E38 /* SentMemesTableViewController.swift in Sources */ = {isa = PBXBuildFile; fileRef = E22231B61C3636DE00535E38 /* SentMemesTableViewController.swift */; };
		E22231B91C36373400535E38 /* SentMemesGridViewController.swift in Sources */ = {isa = PBXBuildFile; fileRef = E22231B81C36373400535E38 /* SentMemesGridViewController.swift */; };
		E232F4361BFEBC0B00E659C4 /* MemeEditorController.swift in Sources */ = {isa = PBXBuildFile; fileRef = E232F4351BFEBC0B00E659C4 /* MemeEditorController.swift */; };
		E26742501C0819FD00E3EF70 /* MemeModel.swift in Sources */ = {isa = PBXBuildFile; fileRef = E267424F1C0819FD00E3EF70 /* MemeModel.swift */; };
		E2958FDB1BEDE22D00B7EBE0 /* AppDelegate.swift in Sources */ = {isa = PBXBuildFile; fileRef = E2958FDA1BEDE22D00B7EBE0 /* AppDelegate.swift */; };
		E2958FDD1BEDE22D00B7EBE0 /* SentMemesController.swift in Sources */ = {isa = PBXBuildFile; fileRef = E2958FDC1BEDE22D00B7EBE0 /* SentMemesController.swift */; };
		E2958FE01BEDE22E00B7EBE0 /* Main.storyboard in Resources */ = {isa = PBXBuildFile; fileRef = E2958FDE1BEDE22E00B7EBE0 /* Main.storyboard */; };
		E2958FE21BEDE22E00B7EBE0 /* Assets.xcassets in Resources */ = {isa = PBXBuildFile; fileRef = E2958FE11BEDE22E00B7EBE0 /* Assets.xcassets */; };
		E2958FE51BEDE22E00B7EBE0 /* LaunchScreen.storyboard in Resources */ = {isa = PBXBuildFile; fileRef = E2958FE31BEDE22E00B7EBE0 /* LaunchScreen.storyboard */; };
		E2CDD5121C40F0D8001A103F /* GridCell.swift in Sources */ = {isa = PBXBuildFile; fileRef = E2CDD5111C40F0D8001A103F /* GridCell.swift */; };
		E2FA4C381BEDE8DA009C1105 /* Images in Resources */ = {isa = PBXBuildFile; fileRef = E2FA4C371BEDE8DA009C1105 /* Images */; };
/* End PBXBuildFile section */

/* Begin PBXFileReference section */
		E22231B21C24BB9000535E38 /* MemesDataSourceModel.swift */ = {isa = PBXFileReference; fileEncoding = 4; lastKnownFileType = sourcecode.swift; path = MemesDataSourceModel.swift; sourceTree = "<group>"; };
		E22231B41C24BFDB00535E38 /* CustomPhotoAlbum.swift */ = {isa = PBXFileReference; fileEncoding = 4; lastKnownFileType = sourcecode.swift; path = CustomPhotoAlbum.swift; sourceTree = "<group>"; };
		E22231B61C3636DE00535E38 /* SentMemesTableViewController.swift */ = {isa = PBXFileReference; fileEncoding = 4; lastKnownFileType = sourcecode.swift; name = SentMemesTableViewController.swift; path = ../SentMemes/tableView/SentMemesTableViewController.swift; sourceTree = "<group>"; };
		E22231B81C36373400535E38 /* SentMemesGridViewController.swift */ = {isa = PBXFileReference; fileEncoding = 4; lastKnownFileType = sourcecode.swift; path = SentMemesGridViewController.swift; sourceTree = "<group>"; };
		E232F4351BFEBC0B00E659C4 /* MemeEditorController.swift */ = {isa = PBXFileReference; fileEncoding = 4; lastKnownFileType = sourcecode.swift; path = MemeEditorController.swift; sourceTree = "<group>"; };
		E267424F1C0819FD00E3EF70 /* MemeModel.swift */ = {isa = PBXFileReference; fileEncoding = 4; lastKnownFileType = sourcecode.swift; path = MemeModel.swift; sourceTree = "<group>"; };
		E2958FD71BEDE22D00B7EBE0 /* MemeMe.app */ = {isa = PBXFileReference; explicitFileType = wrapper.application; includeInIndex = 0; path = MemeMe.app; sourceTree = BUILT_PRODUCTS_DIR; };
		E2958FDA1BEDE22D00B7EBE0 /* AppDelegate.swift */ = {isa = PBXFileReference; lastKnownFileType = sourcecode.swift; path = AppDelegate.swift; sourceTree = "<group>"; };
		E2958FDC1BEDE22D00B7EBE0 /* SentMemesController.swift */ = {isa = PBXFileReference; lastKnownFileType = sourcecode.swift; name = SentMemesController.swift; path = MemeMe/SentMemes/SentMemesController.swift; sourceTree = SOURCE_ROOT; };
		E2958FDF1BEDE22E00B7EBE0 /* Base */ = {isa = PBXFileReference; lastKnownFileType = file.storyboard; name = Base; path = Base.lproj/Main.storyboard; sourceTree = "<group>"; };
		E2958FE11BEDE22E00B7EBE0 /* Assets.xcassets */ = {isa = PBXFileReference; lastKnownFileType = folder.assetcatalog; path = Assets.xcassets; sourceTree = "<group>"; };
		E2958FE41BEDE22E00B7EBE0 /* Base */ = {isa = PBXFileReference; lastKnownFileType = file.storyboard; name = Base; path = Base.lproj/LaunchScreen.storyboard; sourceTree = "<group>"; };
		E2958FE61BEDE22E00B7EBE0 /* Info.plist */ = {isa = PBXFileReference; lastKnownFileType = text.plist.xml; path = Info.plist; sourceTree = "<group>"; };
		E2CDD5111C40F0D8001A103F /* GridCell.swift */ = {isa = PBXFileReference; fileEncoding = 4; lastKnownFileType = sourcecode.swift; path = GridCell.swift; sourceTree = "<group>"; };
		E2FA4C371BEDE8DA009C1105 /* Images */ = {isa = PBXFileReference; lastKnownFileType = folder; path = Images; sourceTree = "<group>"; };
/* End PBXFileReference section */

/* Begin PBXFrameworksBuildPhase section */
		E2958FD41BEDE22D00B7EBE0 /* Frameworks */ = {
			isa = PBXFrameworksBuildPhase;
			buildActionMask = 2147483647;
			files = (
			);
			runOnlyForDeploymentPostprocessing = 0;
		};
/* End PBXFrameworksBuildPhase section */

/* Begin PBXGroup section */
		E22231BA1C36373B00535E38 /* SentMemes */ = {
			isa = PBXGroup;
			children = (
				E2CDD50E1C40EF81001A103F /* gridView */,
				E2CDD50D1C40EF14001A103F /* tableView */,
				E2958FDC1BEDE22D00B7EBE0 /* SentMemesController.swift */,
			);
			path = SentMemes;
			sourceTree = "<group>";
		};
		E267424E1C0819E800E3EF70 /* Models */ = {
			isa = PBXGroup;
			children = (
				E267424F1C0819FD00E3EF70 /* MemeModel.swift */,
				E22231B21C24BB9000535E38 /* MemesDataSourceModel.swift */,
				E22231B41C24BFDB00535E38 /* CustomPhotoAlbum.swift */,
			);
			path = Models;
			sourceTree = "<group>";
		};
		E2958FCE1BEDE22D00B7EBE0 = {
			isa = PBXGroup;
			children = (
				E2958FD91BEDE22D00B7EBE0 /* MemeMe */,
				E2958FD81BEDE22D00B7EBE0 /* Products */,
			);
			sourceTree = "<group>";
		};
		E2958FD81BEDE22D00B7EBE0 /* Products */ = {
			isa = PBXGroup;
			children = (
				E2958FD71BEDE22D00B7EBE0 /* MemeMe.app */,
			);
			name = Products;
			sourceTree = "<group>";
		};
		E2958FD91BEDE22D00B7EBE0 /* MemeMe */ = {
			isa = PBXGroup;
			children = (
				E22231BA1C36373B00535E38 /* SentMemes */,
				E267424E1C0819E800E3EF70 /* Models */,
				E2958FDA1BEDE22D00B7EBE0 /* AppDelegate.swift */,
				E232F4351BFEBC0B00E659C4 /* MemeEditorController.swift */,
				E2958FDE1BEDE22E00B7EBE0 /* Main.storyboard */,
				E2958FE11BEDE22E00B7EBE0 /* Assets.xcassets */,
				E2958FE31BEDE22E00B7EBE0 /* LaunchScreen.storyboard */,
				E2958FE61BEDE22E00B7EBE0 /* Info.plist */,
				E2FA4C371BEDE8DA009C1105 /* Images */,
			);
			path = MemeMe;
			sourceTree = "<group>";
		};
		E2CDD50D1C40EF14001A103F /* tableView */ = {
			isa = PBXGroup;
			children = (
				E22231B61C3636DE00535E38 /* SentMemesTableViewController.swift */,
			);
			name = tableView;
			path = ../tableView;
			sourceTree = "<group>";
		};
		E2CDD50E1C40EF81001A103F /* gridView */ = {
			isa = PBXGroup;
			children = (
				E22231B81C36373400535E38 /* SentMemesGridViewController.swift */,
				E2CDD5111C40F0D8001A103F /* GridCell.swift */,
			);
			path = gridView;
			sourceTree = "<group>";
		};
/* End PBXGroup section */

/* Begin PBXNativeTarget section */
		E2958FD61BEDE22D00B7EBE0 /* MemeMe */ = {
			isa = PBXNativeTarget;
			buildConfigurationList = E2958FE91BEDE22E00B7EBE0 /* Build configuration list for PBXNativeTarget "MemeMe" */;
			buildPhases = (
				E2958FD31BEDE22D00B7EBE0 /* Sources */,
				E2958FD41BEDE22D00B7EBE0 /* Frameworks */,
				E2958FD51BEDE22D00B7EBE0 /* Resources */,
			);
			buildRules = (
			);
			dependencies = (
			);
			name = MemeMe;
			productName = MemeMe;
			productReference = E2958FD71BEDE22D00B7EBE0 /* MemeMe.app */;
			productType = "com.apple.product-type.application";
		};
/* End PBXNativeTarget section */

/* Begin PBXProject section */
		E2958FCF1BEDE22D00B7EBE0 /* Project object */ = {
			isa = PBXProject;
			attributes = {
				LastUpgradeCheck = 0700;
				ORGANIZATIONNAME = "Max Saienko";
				TargetAttributes = {
					E2958FD61BEDE22D00B7EBE0 = {
						CreatedOnToolsVersion = 7.0.1;
					};
				};
			};
			buildConfigurationList = E2958FD21BEDE22D00B7EBE0 /* Build configuration list for PBXProject "MemeMe" */;
			compatibilityVersion = "Xcode 3.2";
			developmentRegion = English;
			hasScannedForEncodings = 0;
			knownRegions = (
				en,
				Base,
			);
			mainGroup = E2958FCE1BEDE22D00B7EBE0;
			productRefGroup = E2958FD81BEDE22D00B7EBE0 /* Products */;
			projectDirPath = "";
			projectRoot = "";
			targets = (
				E2958FD61BEDE22D00B7EBE0 /* MemeMe */,
			);
		};
/* End PBXProject section */

/* Begin PBXResourcesBuildPhase section */
		E2958FD51BEDE22D00B7EBE0 /* Resources */ = {
			isa = PBXResourcesBuildPhase;
			buildActionMask = 2147483647;
			files = (
				E2FA4C381BEDE8DA009C1105 /* Images in Resources */,
				E2958FE51BEDE22E00B7EBE0 /* LaunchScreen.storyboard in Resources */,
				E2958FE21BEDE22E00B7EBE0 /* Assets.xcassets in Resources */,
				E2958FE01BEDE22E00B7EBE0 /* Main.storyboard in Resources */,
			);
			runOnlyForDeploymentPostprocessing = 0;
		};
/* End PBXResourcesBuildPhase section */

/* Begin PBXSourcesBuildPhase section */
		E2958FD31BEDE22D00B7EBE0 /* Sources */ = {
			isa = PBXSourcesBuildPhase;
			buildActionMask = 2147483647;
			files = (
				E2958FDD1BEDE22D00B7EBE0 /* SentMemesController.swift in Sources */,
				E22231B71C3636DE00535E38 /* SentMemesTableViewController.swift in Sources */,
				E22231B31C24BB9000535E38 /* MemesDataSourceModel.swift in Sources */,
				E232F4361BFEBC0B00E659C4 /* MemeEditorController.swift in Sources */,
				E2CDD5121C40F0D8001A103F /* GridCell.swift in Sources */,
				E22231B51C24BFDB00535E38 /* CustomPhotoAlbum.swift in Sources */,
				E2958FDB1BEDE22D00B7EBE0 /* AppDelegate.swift in Sources */,
				E22231B91C36373400535E38 /* SentMemesGridViewController.swift in Sources */,
				E26742501C0819FD00E3EF70 /* MemeModel.swift in Sources */,
			);
			runOnlyForDeploymentPostprocessing = 0;
		};
/* End PBXSourcesBuildPhase section */

/* Begin PBXVariantGroup section */
		E2958FDE1BEDE22E00B7EBE0 /* Main.storyboard */ = {
			isa = PBXVariantGroup;
			children = (
				E2958FDF1BEDE22E00B7EBE0 /* Base */,
			);
			name = Main.storyboard;
			sourceTree = "<group>";
		};
		E2958FE31BEDE22E00B7EBE0 /* LaunchScreen.storyboard */ = {
			isa = PBXVariantGroup;
			children = (
				E2958FE41BEDE22E00B7EBE0 /* Base */,
			);
			name = LaunchScreen.storyboard;
			sourceTree = "<group>";
		};
/* End PBXVariantGroup section */

/* Begin XCBuildConfiguration section */
		E2958FE71BEDE22E00B7EBE0 /* Debug */ = {
			isa = XCBuildConfiguration;
			buildSettings = {
				ALWAYS_SEARCH_USER_PATHS = NO;
				CLANG_CXX_LANGUAGE_STANDARD = "gnu++0x";
				CLANG_CXX_LIBRARY = "libc++";
				CLANG_ENABLE_MODULES = YES;
				CLANG_ENABLE_OBJC_ARC = YES;
				CLANG_WARN_BOOL_CONVERSION = YES;
				CLANG_WARN_CONSTANT_CONVERSION = YES;
				CLANG_WARN_DIRECT_OBJC_ISA_USAGE = YES_ERROR;
				CLANG_WARN_EMPTY_BODY = YES;
				CLANG_WARN_ENUM_CONVERSION = YES;
				CLANG_WARN_INT_CONVERSION = YES;
				CLANG_WARN_OBJC_ROOT_CLASS = YES_ERROR;
				CLANG_WARN_UNREACHABLE_CODE = YES;
				CLANG_WARN__DUPLICATE_METHOD_MATCH = YES;
				"CODE_SIGN_IDENTITY[sdk=iphoneos*]" = "iPhone Developer";
				COPY_PHASE_STRIP = NO;
				DEBUG_INFORMATION_FORMAT = dwarf;
				ENABLE_STRICT_OBJC_MSGSEND = YES;
				ENABLE_TESTABILITY = YES;
				GCC_C_LANGUAGE_STANDARD = gnu99;
				GCC_DYNAMIC_NO_PIC = NO;
				GCC_NO_COMMON_BLOCKS = YES;
				GCC_OPTIMIZATION_LEVEL = 0;
				GCC_PREPROCESSOR_DEFINITIONS = (
					"DEBUG=1",
					"$(inherited)",
				);
				GCC_WARN_64_TO_32_BIT_CONVERSION = YES;
				GCC_WARN_ABOUT_RETURN_TYPE = YES_ERROR;
				GCC_WARN_UNDECLARED_SELECTOR = YES;
				GCC_WARN_UNINITIALIZED_AUTOS = YES_AGGRESSIVE;
				GCC_WARN_UNUSED_FUNCTION = YES;
				GCC_WARN_UNUSED_VARIABLE = YES;
				IPHONEOS_DEPLOYMENT_TARGET = 9.0;
				MTL_ENABLE_DEBUG_INFO = YES;
				ONLY_ACTIVE_ARCH = YES;
				SDKROOT = iphoneos;
				SWIFT_OPTIMIZATION_LEVEL = "-Onone";
			};
			name = Debug;
		};
		E2958FE81BEDE22E00B7EBE0 /* Release */ = {
			isa = XCBuildConfiguration;
			buildSettings = {
				ALWAYS_SEARCH_USER_PATHS = NO;
				CLANG_CXX_LANGUAGE_STANDARD = "gnu++0x";
				CLANG_CXX_LIBRARY = "libc++";
				CLANG_ENABLE_MODULES = YES;
				CLANG_ENABLE_OBJC_ARC = YES;
				CLANG_WARN_BOOL_CONVERSION = YES;
				CLANG_WARN_CONSTANT_CONVERSION = YES;
				CLANG_WARN_DIRECT_OBJC_ISA_USAGE = YES_ERROR;
				CLANG_WARN_EMPTY_BODY = YES;
				CLANG_WARN_ENUM_CONVERSION = YES;
				CLANG_WARN_INT_CONVERSION = YES;
				CLANG_WARN_OBJC_ROOT_CLASS = YES_ERROR;
				CLANG_WARN_UNREACHABLE_CODE = YES;
				CLANG_WARN__DUPLICATE_METHOD_MATCH = YES;
				"CODE_SIGN_IDENTITY[sdk=iphoneos*]" = "iPhone Developer";
				COPY_PHASE_STRIP = NO;
				DEBUG_INFORMATION_FORMAT = "dwarf-with-dsym";
				ENABLE_NS_ASSERTIONS = NO;
				ENABLE_STRICT_OBJC_MSGSEND = YES;
				GCC_C_LANGUAGE_STANDARD = gnu99;
				GCC_NO_COMMON_BLOCKS = YES;
				GCC_WARN_64_TO_32_BIT_CONVERSION = YES;
				GCC_WARN_ABOUT_RETURN_TYPE = YES_ERROR;
				GCC_WARN_UNDECLARED_SELECTOR = YES;
				GCC_WARN_UNINITIALIZED_AUTOS = YES_AGGRESSIVE;
				GCC_WARN_UNUSED_FUNCTION = YES;
				GCC_WARN_UNUSED_VARIABLE = YES;
				IPHONEOS_DEPLOYMENT_TARGET = 9.0;
				MTL_ENABLE_DEBUG_INFO = NO;
				SDKROOT = iphoneos;
				VALIDATE_PRODUCT = YES;
			};
			name = Release;
		};
		E2958FEA1BEDE22E00B7EBE0 /* Debug */ = {
			isa = XCBuildConfiguration;
			buildSettings = {
				ASSETCATALOG_COMPILER_APPICON_NAME = AppIcon;
				INFOPLIST_FILE = MemeMe/Info.plist;
				LD_RUNPATH_SEARCH_PATHS = "$(inherited) @executable_path/Frameworks";
				PRODUCT_BUNDLE_IDENTIFIER = com.nanoDegree.MemeMe;
				PRODUCT_NAME = "$(TARGET_NAME)";
			};
			name = Debug;
		};
		E2958FEB1BEDE22E00B7EBE0 /* Release */ = {
			isa = XCBuildConfiguration;
			buildSettings = {
				ASSETCATALOG_COMPILER_APPICON_NAME = AppIcon;
				INFOPLIST_FILE = MemeMe/Info.plist;
				LD_RUNPATH_SEARCH_PATHS = "$(inherited) @executable_path/Frameworks";
				PRODUCT_BUNDLE_IDENTIFIER = com.nanoDegree.MemeMe;
				PRODUCT_NAME = "$(TARGET_NAME)";
			};
			name = Release;
		};
/* End XCBuildConfiguration section */

/* Begin XCConfigurationList section */
		E2958FD21BEDE22D00B7EBE0 /* Build configuration list for PBXProject "MemeMe" */ = {
			isa = XCConfigurationList;
			buildConfigurations = (
				E2958FE71BEDE22E00B7EBE0 /* Debug */,
				E2958FE81BEDE22E00B7EBE0 /* Release */,
			);
			defaultConfigurationIsVisible = 0;
			defaultConfigurationName = Release;
		};
		E2958FE91BEDE22E00B7EBE0 /* Build configuration list for PBXNativeTarget "MemeMe" */ = {
			isa = XCConfigurationList;
			buildConfigurations = (
				E2958FEA1BEDE22E00B7EBE0 /* Debug */,
				E2958FEB1BEDE22E00B7EBE0 /* Release */,
			);
			defaultConfigurationIsVisible = 0;
			defaultConfigurationName = Release;
		};
/* End XCConfigurationList section */
	};
	rootObject = E2958FCF1BEDE22D00B7EBE0 /* Project object */;
}
